// !$*UTF8*$!
{
	archiveVersion = 1;
	classes = {
	};
	objectVersion = 56;
	objects = {

/* Begin PBXBuildFile section */
		021FAD8A2A64C05300B183C3 /* RegisterViewController.swift in Sources */ = {isa = PBXBuildFile; fileRef = 021FAD892A64C05300B183C3 /* RegisterViewController.swift */; };
		021FAD8D2A64D09F00B183C3 /* AuthenticationViewModel.swift in Sources */ = {isa = PBXBuildFile; fileRef = 021FAD8C2A64D09F00B183C3 /* AuthenticationViewModel.swift */; };
		021FAD902A64DE4000B183C3 /* AuthManager.swift in Sources */ = {isa = PBXBuildFile; fileRef = 021FAD8F2A64DE4000B183C3 /* AuthManager.swift */; };
		021FAD942A6503C100B183C3 /* LoginViewController.swift in Sources */ = {isa = PBXBuildFile; fileRef = 021FAD932A6503C100B183C3 /* LoginViewController.swift */; };
		021FAD972A650AEA00B183C3 /* AuthenticationViewController.swift in Sources */ = {isa = PBXBuildFile; fileRef = 021FAD962A650AEA00B183C3 /* AuthenticationViewController.swift */; };
		023F297D2A631D7100986DB4 /* AppDelegate.swift in Sources */ = {isa = PBXBuildFile; fileRef = 023F297C2A631D7100986DB4 /* AppDelegate.swift */; };
		023F297F2A631D7100986DB4 /* SceneDelegate.swift in Sources */ = {isa = PBXBuildFile; fileRef = 023F297E2A631D7100986DB4 /* SceneDelegate.swift */; };
		023F29812A631D7100986DB4 /* ViewController.swift in Sources */ = {isa = PBXBuildFile; fileRef = 023F29802A631D7100986DB4 /* ViewController.swift */; };
		023F29862A631D7100986DB4 /* Assets.xcassets in Resources */ = {isa = PBXBuildFile; fileRef = 023F29852A631D7100986DB4 /* Assets.xcassets */; };
		023F29892A631D7100986DB4 /* LaunchScreen.storyboard in Resources */ = {isa = PBXBuildFile; fileRef = 023F29872A631D7100986DB4 /* LaunchScreen.storyboard */; };
		023F29912A631FC800986DB4 /* HomeViewController.swift in Sources */ = {isa = PBXBuildFile; fileRef = 023F29902A631FC800986DB4 /* HomeViewController.swift */; };
		023F29932A63200400986DB4 /* TweetTableViewCell.swift in Sources */ = {isa = PBXBuildFile; fileRef = 023F29922A63200400986DB4 /* TweetTableViewCell.swift */; };
		026233972A6386A100386A91 /* ProfileViewController.swift in Sources */ = {isa = PBXBuildFile; fileRef = 026233962A6386A100386A91 /* ProfileViewController.swift */; };
		026233992A6394F800386A91 /* ProfileTableViewHeader.swift in Sources */ = {isa = PBXBuildFile; fileRef = 026233982A6394F800386A91 /* ProfileTableViewHeader.swift */; };
		02A84DCD2A643B7B001D1C17 /* GoogleService-Info.plist in Resources */ = {isa = PBXBuildFile; fileRef = 02A84DCC2A643B7B001D1C17 /* GoogleService-Info.plist */; };
		02A84DD02A644551001D1C17 /* FirebaseAnalytics in Frameworks */ = {isa = PBXBuildFile; productRef = 02A84DCF2A644551001D1C17 /* FirebaseAnalytics */; };
		02A84DD22A644551001D1C17 /* FirebaseAuth in Frameworks */ = {isa = PBXBuildFile; productRef = 02A84DD12A644551001D1C17 /* FirebaseAuth */; };
		02A84DD42A644551001D1C17 /* FirebaseAuthCombine-Community in Frameworks */ = {isa = PBXBuildFile; productRef = 02A84DD32A644551001D1C17 /* FirebaseAuthCombine-Community */; };
		02A84DD62A644551001D1C17 /* FirebaseDatabase in Frameworks */ = {isa = PBXBuildFile; productRef = 02A84DD52A644551001D1C17 /* FirebaseDatabase */; };
		02A84DD82A644551001D1C17 /* FirebaseDatabaseSwift in Frameworks */ = {isa = PBXBuildFile; productRef = 02A84DD72A644551001D1C17 /* FirebaseDatabaseSwift */; };
		02A84DDA2A644551001D1C17 /* FirebaseFirestore in Frameworks */ = {isa = PBXBuildFile; productRef = 02A84DD92A644551001D1C17 /* FirebaseFirestore */; };
		02A84DDC2A644551001D1C17 /* FirebaseFirestoreCombine-Community in Frameworks */ = {isa = PBXBuildFile; productRef = 02A84DDB2A644551001D1C17 /* FirebaseFirestoreCombine-Community */; };
		02A84DDE2A644551001D1C17 /* FirebaseFirestoreSwift in Frameworks */ = {isa = PBXBuildFile; productRef = 02A84DDD2A644551001D1C17 /* FirebaseFirestoreSwift */; };
		02A84DE02A644551001D1C17 /* FirebaseStorage in Frameworks */ = {isa = PBXBuildFile; productRef = 02A84DDF2A644551001D1C17 /* FirebaseStorage */; };
		02A84DE22A644551001D1C17 /* FirebaseStorageCombine-Community in Frameworks */ = {isa = PBXBuildFile; productRef = 02A84DE12A644551001D1C17 /* FirebaseStorageCombine-Community */; };
		02A84DE52A644FFB001D1C17 /* OnboardingViewController.swift in Sources */ = {isa = PBXBuildFile; fileRef = 02A84DE42A644FFB001D1C17 /* OnboardingViewController.swift */; };
/* End PBXBuildFile section */

/* Begin PBXFileReference section */
		021FAD892A64C05300B183C3 /* RegisterViewController.swift */ = {isa = PBXFileReference; lastKnownFileType = sourcecode.swift; path = RegisterViewController.swift; sourceTree = "<group>"; };
		021FAD8C2A64D09F00B183C3 /* AuthenticationViewModel.swift */ = {isa = PBXFileReference; lastKnownFileType = sourcecode.swift; path = AuthenticationViewModel.swift; sourceTree = "<group>"; };
		021FAD8F2A64DE4000B183C3 /* AuthManager.swift */ = {isa = PBXFileReference; lastKnownFileType = sourcecode.swift; path = AuthManager.swift; sourceTree = "<group>"; };
		021FAD932A6503C100B183C3 /* LoginViewController.swift */ = {isa = PBXFileReference; lastKnownFileType = sourcecode.swift; path = LoginViewController.swift; sourceTree = "<group>"; };
		021FAD962A650AEA00B183C3 /* AuthenticationViewController.swift */ = {isa = PBXFileReference; lastKnownFileType = sourcecode.swift; path = AuthenticationViewController.swift; sourceTree = "<group>"; };
		023F29792A631D7100986DB4 /* Mielofon.app */ = {isa = PBXFileReference; explicitFileType = wrapper.application; includeInIndex = 0; path = Mielofon.app; sourceTree = BUILT_PRODUCTS_DIR; };
		023F297C2A631D7100986DB4 /* AppDelegate.swift */ = {isa = PBXFileReference; lastKnownFileType = sourcecode.swift; path = AppDelegate.swift; sourceTree = "<group>"; };
		023F297E2A631D7100986DB4 /* SceneDelegate.swift */ = {isa = PBXFileReference; lastKnownFileType = sourcecode.swift; path = SceneDelegate.swift; sourceTree = "<group>"; };
		023F29802A631D7100986DB4 /* ViewController.swift */ = {isa = PBXFileReference; lastKnownFileType = sourcecode.swift; path = ViewController.swift; sourceTree = "<group>"; };
		023F29852A631D7100986DB4 /* Assets.xcassets */ = {isa = PBXFileReference; lastKnownFileType = folder.assetcatalog; path = Assets.xcassets; sourceTree = "<group>"; };
		023F29882A631D7100986DB4 /* Base */ = {isa = PBXFileReference; lastKnownFileType = file.storyboard; name = Base; path = Base.lproj/LaunchScreen.storyboard; sourceTree = "<group>"; };
		023F298A2A631D7100986DB4 /* Info.plist */ = {isa = PBXFileReference; lastKnownFileType = text.plist.xml; path = Info.plist; sourceTree = "<group>"; };
		023F29902A631FC800986DB4 /* HomeViewController.swift */ = {isa = PBXFileReference; lastKnownFileType = sourcecode.swift; path = HomeViewController.swift; sourceTree = "<group>"; };
		023F29922A63200400986DB4 /* TweetTableViewCell.swift */ = {isa = PBXFileReference; lastKnownFileType = sourcecode.swift; path = TweetTableViewCell.swift; sourceTree = "<group>"; };
		026233962A6386A100386A91 /* ProfileViewController.swift */ = {isa = PBXFileReference; lastKnownFileType = sourcecode.swift; path = ProfileViewController.swift; sourceTree = "<group>"; };
		026233982A6394F800386A91 /* ProfileTableViewHeader.swift */ = {isa = PBXFileReference; lastKnownFileType = sourcecode.swift; path = ProfileTableViewHeader.swift; sourceTree = "<group>"; };
		02A84DCC2A643B7B001D1C17 /* GoogleService-Info.plist */ = {isa = PBXFileReference; fileEncoding = 4; lastKnownFileType = text.plist.xml; path = "GoogleService-Info.plist"; sourceTree = "<group>"; };
		02A84DE42A644FFB001D1C17 /* OnboardingViewController.swift */ = {isa = PBXFileReference; lastKnownFileType = sourcecode.swift; path = OnboardingViewController.swift; sourceTree = "<group>"; };
/* End PBXFileReference section */

/* Begin PBXFrameworksBuildPhase section */
		023F29762A631D7100986DB4 /* Frameworks */ = {
			isa = PBXFrameworksBuildPhase;
			buildActionMask = 2147483647;
			files = (
				02A84DD82A644551001D1C17 /* FirebaseDatabaseSwift in Frameworks */,
				02A84DD02A644551001D1C17 /* FirebaseAnalytics in Frameworks */,
				02A84DE22A644551001D1C17 /* FirebaseStorageCombine-Community in Frameworks */,
				02A84DE02A644551001D1C17 /* FirebaseStorage in Frameworks */,
				02A84DD42A644551001D1C17 /* FirebaseAuthCombine-Community in Frameworks */,
				02A84DD62A644551001D1C17 /* FirebaseDatabase in Frameworks */,
				02A84DD22A644551001D1C17 /* FirebaseAuth in Frameworks */,
				02A84DDA2A644551001D1C17 /* FirebaseFirestore in Frameworks */,
				02A84DDC2A644551001D1C17 /* FirebaseFirestoreCombine-Community in Frameworks */,
				02A84DDE2A644551001D1C17 /* FirebaseFirestoreSwift in Frameworks */,
			);
			runOnlyForDeploymentPostprocessing = 0;
		};
/* End PBXFrameworksBuildPhase section */

/* Begin PBXGroup section */
		021FAD8B2A64D08D00B183C3 /* Register */ = {
			isa = PBXGroup;
			children = (
				021FAD892A64C05300B183C3 /* RegisterViewController.swift */,
			);
			path = Register;
			sourceTree = "<group>";
		};
		021FAD8E2A64DDC200B183C3 /* Networking */ = {
			isa = PBXGroup;
			children = (
				021FAD8F2A64DE4000B183C3 /* AuthManager.swift */,
			);
			path = Networking;
			sourceTree = "<group>";
		};
		021FAD912A64ECCA00B183C3 /* Onboarding */ = {
			isa = PBXGroup;
			children = (
				02A84DE42A644FFB001D1C17 /* OnboardingViewController.swift */,
			);
			path = Onboarding;
			sourceTree = "<group>";
		};
		021FAD922A6503AF00B183C3 /* Login */ = {
			isa = PBXGroup;
			children = (
				021FAD932A6503C100B183C3 /* LoginViewController.swift */,
			);
			path = Login;
			sourceTree = "<group>";
		};
		021FAD952A650ABC00B183C3 /* Authentication */ = {
			isa = PBXGroup;
			children = (
				021FAD8C2A64D09F00B183C3 /* AuthenticationViewModel.swift */,
				021FAD962A650AEA00B183C3 /* AuthenticationViewController.swift */,
			);
			path = Authentication;
			sourceTree = "<group>";
		};
		023F29702A631D7100986DB4 = {
			isa = PBXGroup;
			children = (
				023F297B2A631D7100986DB4 /* Mielofon */,
				023F297A2A631D7100986DB4 /* Products */,
			);
			sourceTree = "<group>";
		};
		023F297A2A631D7100986DB4 /* Products */ = {
			isa = PBXGroup;
			children = (
				023F29792A631D7100986DB4 /* Mielofon.app */,
			);
			name = Products;
			sourceTree = "<group>";
		};
		023F297B2A631D7100986DB4 /* Mielofon */ = {
			isa = PBXGroup;
			children = (
				021FAD8E2A64DDC200B183C3 /* Networking */,
				023F29972A6321C900986DB4 /* Supporting Files */,
				023F29982A6321E500986DB4 /* App */,
				023F29942A63219200986DB4 /* Features */,
			);
			path = Mielofon;
			sourceTree = "<group>";
		};
		023F29942A63219200986DB4 /* Features */ = {
			isa = PBXGroup;
			children = (
				02A84DE32A644EE6001D1C17 /* Onboarding */,
				023F29962A6321B500986DB4 /* Home */,
				023F29952A6321A400986DB4 /* Profile */,
			);
			path = Features;
			sourceTree = "<group>";
		};
		023F29952A6321A400986DB4 /* Profile */ = {
			isa = PBXGroup;
			children = (
				026233962A6386A100386A91 /* ProfileViewController.swift */,
				026233982A6394F800386A91 /* ProfileTableViewHeader.swift */,
			);
			path = Profile;
			sourceTree = "<group>";
		};
		023F29962A6321B500986DB4 /* Home */ = {
			isa = PBXGroup;
			children = (
				023F29922A63200400986DB4 /* TweetTableViewCell.swift */,
				023F29902A631FC800986DB4 /* HomeViewController.swift */,
			);
			path = Home;
			sourceTree = "<group>";
		};
		023F29972A6321C900986DB4 /* Supporting Files */ = {
			isa = PBXGroup;
			children = (
				023F29852A631D7100986DB4 /* Assets.xcassets */,
				023F29872A631D7100986DB4 /* LaunchScreen.storyboard */,
				02A84DCC2A643B7B001D1C17 /* GoogleService-Info.plist */,
				023F298A2A631D7100986DB4 /* Info.plist */,
			);
			name = "Supporting Files";
			sourceTree = "<group>";
		};
		023F29982A6321E500986DB4 /* App */ = {
			isa = PBXGroup;
			children = (
				023F297C2A631D7100986DB4 /* AppDelegate.swift */,
				023F297E2A631D7100986DB4 /* SceneDelegate.swift */,
				023F29802A631D7100986DB4 /* ViewController.swift */,
			);
			path = App;
			sourceTree = "<group>";
		};
		02A84DE32A644EE6001D1C17 /* Onboarding */ = {
			isa = PBXGroup;
			children = (
				021FAD952A650ABC00B183C3 /* Authentication */,
				021FAD922A6503AF00B183C3 /* Login */,
				021FAD912A64ECCA00B183C3 /* Onboarding */,
				021FAD8B2A64D08D00B183C3 /* Register */,
			);
			path = Onboarding;
			sourceTree = "<group>";
		};
/* End PBXGroup section */

/* Begin PBXNativeTarget section */
		023F29782A631D7100986DB4 /* Mielofon */ = {
			isa = PBXNativeTarget;
			buildConfigurationList = 023F298D2A631D7100986DB4 /* Build configuration list for PBXNativeTarget "Mielofon" */;
			buildPhases = (
				023F29752A631D7100986DB4 /* Sources */,
				023F29762A631D7100986DB4 /* Frameworks */,
				023F29772A631D7100986DB4 /* Resources */,
			);
			buildRules = (
			);
			dependencies = (
			);
			name = Mielofon;
			packageProductDependencies = (
				02A84DCF2A644551001D1C17 /* FirebaseAnalytics */,
				02A84DD12A644551001D1C17 /* FirebaseAuth */,
				02A84DD32A644551001D1C17 /* FirebaseAuthCombine-Community */,
				02A84DD52A644551001D1C17 /* FirebaseDatabase */,
				02A84DD72A644551001D1C17 /* FirebaseDatabaseSwift */,
				02A84DD92A644551001D1C17 /* FirebaseFirestore */,
				02A84DDB2A644551001D1C17 /* FirebaseFirestoreCombine-Community */,
				02A84DDD2A644551001D1C17 /* FirebaseFirestoreSwift */,
				02A84DDF2A644551001D1C17 /* FirebaseStorage */,
				02A84DE12A644551001D1C17 /* FirebaseStorageCombine-Community */,
			);
			productName = Mielofon;
			productReference = 023F29792A631D7100986DB4 /* Mielofon.app */;
			productType = "com.apple.product-type.application";
		};
/* End PBXNativeTarget section */

/* Begin PBXProject section */
		023F29712A631D7100986DB4 /* Project object */ = {
			isa = PBXProject;
			attributes = {
				BuildIndependentTargetsInParallel = 1;
				LastSwiftUpdateCheck = 1430;
				LastUpgradeCheck = 1430;
				TargetAttributes = {
					023F29782A631D7100986DB4 = {
						CreatedOnToolsVersion = 14.3.1;
					};
				};
			};
			buildConfigurationList = 023F29742A631D7100986DB4 /* Build configuration list for PBXProject "Mielofon" */;
			compatibilityVersion = "Xcode 14.0";
			developmentRegion = en;
			hasScannedForEncodings = 0;
			knownRegions = (
				en,
				Base,
			);
			mainGroup = 023F29702A631D7100986DB4;
			packageReferences = (
				02A84DCE2A644551001D1C17 /* XCRemoteSwiftPackageReference "firebase-ios-sdk" */,
			);
			productRefGroup = 023F297A2A631D7100986DB4 /* Products */;
			projectDirPath = "";
			projectRoot = "";
			targets = (
				023F29782A631D7100986DB4 /* Mielofon */,
			);
		};
/* End PBXProject section */

/* Begin PBXResourcesBuildPhase section */
		023F29772A631D7100986DB4 /* Resources */ = {
			isa = PBXResourcesBuildPhase;
			buildActionMask = 2147483647;
			files = (
				023F29892A631D7100986DB4 /* LaunchScreen.storyboard in Resources */,
				023F29862A631D7100986DB4 /* Assets.xcassets in Resources */,
				02A84DCD2A643B7B001D1C17 /* GoogleService-Info.plist in Resources */,
			);
			runOnlyForDeploymentPostprocessing = 0;
		};
/* End PBXResourcesBuildPhase section */

/* Begin PBXSourcesBuildPhase section */
		023F29752A631D7100986DB4 /* Sources */ = {
			isa = PBXSourcesBuildPhase;
			buildActionMask = 2147483647;
			files = (
				021FAD942A6503C100B183C3 /* LoginViewController.swift in Sources */,
				021FAD8A2A64C05300B183C3 /* RegisterViewController.swift in Sources */,
				021FAD8D2A64D09F00B183C3 /* AuthenticationViewModel.swift in Sources */,
				026233992A6394F800386A91 /* ProfileTableViewHeader.swift in Sources */,
				026233972A6386A100386A91 /* ProfileViewController.swift in Sources */,
				023F29812A631D7100986DB4 /* ViewController.swift in Sources */,
				02A84DE52A644FFB001D1C17 /* OnboardingViewController.swift in Sources */,
				023F297D2A631D7100986DB4 /* AppDelegate.swift in Sources */,
				023F297F2A631D7100986DB4 /* SceneDelegate.swift in Sources */,
				021FAD902A64DE4000B183C3 /* AuthManager.swift in Sources */,
				021FAD972A650AEA00B183C3 /* AuthenticationViewController.swift in Sources */,
				023F29932A63200400986DB4 /* TweetTableViewCell.swift in Sources */,
				023F29912A631FC800986DB4 /* HomeViewController.swift in Sources */,
			);
			runOnlyForDeploymentPostprocessing = 0;
		};
/* End PBXSourcesBuildPhase section */

/* Begin PBXVariantGroup section */
		023F29872A631D7100986DB4 /* LaunchScreen.storyboard */ = {
			isa = PBXVariantGroup;
			children = (
				023F29882A631D7100986DB4 /* Base */,
			);
			name = LaunchScreen.storyboard;
			sourceTree = "<group>";
		};
/* End PBXVariantGroup section */

/* Begin XCBuildConfiguration section */
		023F298B2A631D7100986DB4 /* Debug */ = {
			isa = XCBuildConfiguration;
			buildSettings = {
				ALWAYS_SEARCH_USER_PATHS = NO;
				CLANG_ANALYZER_NONNULL = YES;
				CLANG_ANALYZER_NUMBER_OBJECT_CONVERSION = YES_AGGRESSIVE;
				CLANG_CXX_LANGUAGE_STANDARD = "gnu++20";
				CLANG_ENABLE_MODULES = YES;
				CLANG_ENABLE_OBJC_ARC = YES;
				CLANG_ENABLE_OBJC_WEAK = YES;
				CLANG_WARN_BLOCK_CAPTURE_AUTORELEASING = YES;
				CLANG_WARN_BOOL_CONVERSION = YES;
				CLANG_WARN_COMMA = YES;
				CLANG_WARN_CONSTANT_CONVERSION = YES;
				CLANG_WARN_DEPRECATED_OBJC_IMPLEMENTATIONS = YES;
				CLANG_WARN_DIRECT_OBJC_ISA_USAGE = YES_ERROR;
				CLANG_WARN_DOCUMENTATION_COMMENTS = YES;
				CLANG_WARN_EMPTY_BODY = YES;
				CLANG_WARN_ENUM_CONVERSION = YES;
				CLANG_WARN_INFINITE_RECURSION = YES;
				CLANG_WARN_INT_CONVERSION = YES;
				CLANG_WARN_NON_LITERAL_NULL_CONVERSION = YES;
				CLANG_WARN_OBJC_IMPLICIT_RETAIN_SELF = YES;
				CLANG_WARN_OBJC_LITERAL_CONVERSION = YES;
				CLANG_WARN_OBJC_ROOT_CLASS = YES_ERROR;
				CLANG_WARN_QUOTED_INCLUDE_IN_FRAMEWORK_HEADER = YES;
				CLANG_WARN_RANGE_LOOP_ANALYSIS = YES;
				CLANG_WARN_STRICT_PROTOTYPES = YES;
				CLANG_WARN_SUSPICIOUS_MOVE = YES;
				CLANG_WARN_UNGUARDED_AVAILABILITY = YES_AGGRESSIVE;
				CLANG_WARN_UNREACHABLE_CODE = YES;
				CLANG_WARN__DUPLICATE_METHOD_MATCH = YES;
				COPY_PHASE_STRIP = NO;
				DEBUG_INFORMATION_FORMAT = dwarf;
				ENABLE_STRICT_OBJC_MSGSEND = YES;
				ENABLE_TESTABILITY = YES;
				GCC_C_LANGUAGE_STANDARD = gnu11;
				GCC_DYNAMIC_NO_PIC = NO;
				GCC_NO_COMMON_BLOCKS = YES;
				GCC_OPTIMIZATION_LEVEL = 0;
				GCC_PREPROCESSOR_DEFINITIONS = (
					"DEBUG=1",
					"$(inherited)",
				);
				GCC_WARN_64_TO_32_BIT_CONVERSION = YES;
				GCC_WARN_ABOUT_RETURN_TYPE = YES_ERROR;
				GCC_WARN_UNDECLARED_SELECTOR = YES;
				GCC_WARN_UNINITIALIZED_AUTOS = YES_AGGRESSIVE;
				GCC_WARN_UNUSED_FUNCTION = YES;
				GCC_WARN_UNUSED_VARIABLE = YES;
				IPHONEOS_DEPLOYMENT_TARGET = 16.4;
				MTL_ENABLE_DEBUG_INFO = INCLUDE_SOURCE;
				MTL_FAST_MATH = YES;
				ONLY_ACTIVE_ARCH = YES;
				SDKROOT = iphoneos;
				SWIFT_ACTIVE_COMPILATION_CONDITIONS = DEBUG;
				SWIFT_OPTIMIZATION_LEVEL = "-Onone";
			};
			name = Debug;
		};
		023F298C2A631D7100986DB4 /* Release */ = {
			isa = XCBuildConfiguration;
			buildSettings = {
				ALWAYS_SEARCH_USER_PATHS = NO;
				CLANG_ANALYZER_NONNULL = YES;
				CLANG_ANALYZER_NUMBER_OBJECT_CONVERSION = YES_AGGRESSIVE;
				CLANG_CXX_LANGUAGE_STANDARD = "gnu++20";
				CLANG_ENABLE_MODULES = YES;
				CLANG_ENABLE_OBJC_ARC = YES;
				CLANG_ENABLE_OBJC_WEAK = YES;
				CLANG_WARN_BLOCK_CAPTURE_AUTORELEASING = YES;
				CLANG_WARN_BOOL_CONVERSION = YES;
				CLANG_WARN_COMMA = YES;
				CLANG_WARN_CONSTANT_CONVERSION = YES;
				CLANG_WARN_DEPRECATED_OBJC_IMPLEMENTATIONS = YES;
				CLANG_WARN_DIRECT_OBJC_ISA_USAGE = YES_ERROR;
				CLANG_WARN_DOCUMENTATION_COMMENTS = YES;
				CLANG_WARN_EMPTY_BODY = YES;
				CLANG_WARN_ENUM_CONVERSION = YES;
				CLANG_WARN_INFINITE_RECURSION = YES;
				CLANG_WARN_INT_CONVERSION = YES;
				CLANG_WARN_NON_LITERAL_NULL_CONVERSION = YES;
				CLANG_WARN_OBJC_IMPLICIT_RETAIN_SELF = YES;
				CLANG_WARN_OBJC_LITERAL_CONVERSION = YES;
				CLANG_WARN_OBJC_ROOT_CLASS = YES_ERROR;
				CLANG_WARN_QUOTED_INCLUDE_IN_FRAMEWORK_HEADER = YES;
				CLANG_WARN_RANGE_LOOP_ANALYSIS = YES;
				CLANG_WARN_STRICT_PROTOTYPES = YES;
				CLANG_WARN_SUSPICIOUS_MOVE = YES;
				CLANG_WARN_UNGUARDED_AVAILABILITY = YES_AGGRESSIVE;
				CLANG_WARN_UNREACHABLE_CODE = YES;
				CLANG_WARN__DUPLICATE_METHOD_MATCH = YES;
				COPY_PHASE_STRIP = NO;
				DEBUG_INFORMATION_FORMAT = "dwarf-with-dsym";
				ENABLE_NS_ASSERTIONS = NO;
				ENABLE_STRICT_OBJC_MSGSEND = YES;
				GCC_C_LANGUAGE_STANDARD = gnu11;
				GCC_NO_COMMON_BLOCKS = YES;
				GCC_WARN_64_TO_32_BIT_CONVERSION = YES;
				GCC_WARN_ABOUT_RETURN_TYPE = YES_ERROR;
				GCC_WARN_UNDECLARED_SELECTOR = YES;
				GCC_WARN_UNINITIALIZED_AUTOS = YES_AGGRESSIVE;
				GCC_WARN_UNUSED_FUNCTION = YES;
				GCC_WARN_UNUSED_VARIABLE = YES;
				IPHONEOS_DEPLOYMENT_TARGET = 16.4;
				MTL_ENABLE_DEBUG_INFO = NO;
				MTL_FAST_MATH = YES;
				SDKROOT = iphoneos;
				SWIFT_COMPILATION_MODE = wholemodule;
				SWIFT_OPTIMIZATION_LEVEL = "-O";
				VALIDATE_PRODUCT = YES;
			};
			name = Release;
		};
		023F298E2A631D7100986DB4 /* Debug */ = {
			isa = XCBuildConfiguration;
			buildSettings = {
				ASSETCATALOG_COMPILER_APPICON_NAME = AppIcon;
				ASSETCATALOG_COMPILER_GLOBAL_ACCENT_COLOR_NAME = AccentColor;
				CODE_SIGN_STYLE = Automatic;
				CURRENT_PROJECT_VERSION = 2;
				DEVELOPMENT_TEAM = 723HTEFHBA;
				GENERATE_INFOPLIST_FILE = YES;
				INFOPLIST_FILE = Mielofon/Info.plist;
				INFOPLIST_KEY_LSApplicationCategoryType = "public.app-category.social-networking";
				INFOPLIST_KEY_UIApplicationSupportsIndirectInputEvents = YES;
				INFOPLIST_KEY_UILaunchStoryboardName = LaunchScreen;
				INFOPLIST_KEY_UISupportedInterfaceOrientations_iPad = "UIInterfaceOrientationPortrait UIInterfaceOrientationPortraitUpsideDown UIInterfaceOrientationLandscapeLeft UIInterfaceOrientationLandscapeRight";
				INFOPLIST_KEY_UISupportedInterfaceOrientations_iPhone = "UIInterfaceOrientationPortrait UIInterfaceOrientationLandscapeLeft UIInterfaceOrientationLandscapeRight";
				IPHONEOS_DEPLOYMENT_TARGET = 16.0;
				LD_RUNPATH_SEARCH_PATHS = (
					"$(inherited)",
					"@executable_path/Frameworks",
				);
				MARKETING_VERSION = 0.1.1;
				PRODUCT_BUNDLE_IDENTIFIER = ru.fibeapp.Mielofon;
				PRODUCT_NAME = "$(TARGET_NAME)";
				SWIFT_EMIT_LOC_STRINGS = YES;
				SWIFT_VERSION = 5.0;
				TARGETED_DEVICE_FAMILY = "1,2";
			};
			name = Debug;
		};
		023F298F2A631D7100986DB4 /* Release */ = {
			isa = XCBuildConfiguration;
			buildSettings = {
				ASSETCATALOG_COMPILER_APPICON_NAME = AppIcon;
				ASSETCATALOG_COMPILER_GLOBAL_ACCENT_COLOR_NAME = AccentColor;
				CODE_SIGN_STYLE = Automatic;
				CURRENT_PROJECT_VERSION = 2;
				DEVELOPMENT_TEAM = 723HTEFHBA;
				GENERATE_INFOPLIST_FILE = YES;
				INFOPLIST_FILE = Mielofon/Info.plist;
				INFOPLIST_KEY_LSApplicationCategoryType = "public.app-category.social-networking";
				INFOPLIST_KEY_UIApplicationSupportsIndirectInputEvents = YES;
				INFOPLIST_KEY_UILaunchStoryboardName = LaunchScreen;
				INFOPLIST_KEY_UISupportedInterfaceOrientations_iPad = "UIInterfaceOrientationPortrait UIInterfaceOrientationPortraitUpsideDown UIInterfaceOrientationLandscapeLeft UIInterfaceOrientationLandscapeRight";
				INFOPLIST_KEY_UISupportedInterfaceOrientations_iPhone = "UIInterfaceOrientationPortrait UIInterfaceOrientationLandscapeLeft UIInterfaceOrientationLandscapeRight";
				IPHONEOS_DEPLOYMENT_TARGET = 16.0;
				LD_RUNPATH_SEARCH_PATHS = (
					"$(inherited)",
					"@executable_path/Frameworks",
				);
				MARKETING_VERSION = 0.1.1;
				PRODUCT_BUNDLE_IDENTIFIER = ru.fibeapp.Mielofon;
				PRODUCT_NAME = "$(TARGET_NAME)";
				SWIFT_EMIT_LOC_STRINGS = YES;
				SWIFT_VERSION = 5.0;
				TARGETED_DEVICE_FAMILY = "1,2";
			};
			name = Release;
		};
/* End XCBuildConfiguration section */

/* Begin XCConfigurationList section */
		023F29742A631D7100986DB4 /* Build configuration list for PBXProject "Mielofon" */ = {
			isa = XCConfigurationList;
			buildConfigurations = (
				023F298B2A631D7100986DB4 /* Debug */,
				023F298C2A631D7100986DB4 /* Release */,
			);
			defaultConfigurationIsVisible = 0;
			defaultConfigurationName = Release;
		};
		023F298D2A631D7100986DB4 /* Build configuration list for PBXNativeTarget "Mielofon" */ = {
			isa = XCConfigurationList;
			buildConfigurations = (
				023F298E2A631D7100986DB4 /* Debug */,
				023F298F2A631D7100986DB4 /* Release */,
			);
			defaultConfigurationIsVisible = 0;
			defaultConfigurationName = Release;
		};
/* End XCConfigurationList section */

/* Begin XCRemoteSwiftPackageReference section */
		02A84DCE2A644551001D1C17 /* XCRemoteSwiftPackageReference "firebase-ios-sdk" */ = {
			isa = XCRemoteSwiftPackageReference;
			repositoryURL = "https://github.com/firebase/firebase-ios-sdk";
			requirement = {
				kind = upToNextMajorVersion;
				minimumVersion = 10.0.0;
			};
		};
/* End XCRemoteSwiftPackageReference section */

/* Begin XCSwiftPackageProductDependency section */
		02A84DCF2A644551001D1C17 /* FirebaseAnalytics */ = {
			isa = XCSwiftPackageProductDependency;
			package = 02A84DCE2A644551001D1C17 /* XCRemoteSwiftPackageReference "firebase-ios-sdk" */;
			productName = FirebaseAnalytics;
		};
		02A84DD12A644551001D1C17 /* FirebaseAuth */ = {
			isa = XCSwiftPackageProductDependency;
			package = 02A84DCE2A644551001D1C17 /* XCRemoteSwiftPackageReference "firebase-ios-sdk" */;
			productName = FirebaseAuth;
		};
		02A84DD32A644551001D1C17 /* FirebaseAuthCombine-Community */ = {
			isa = XCSwiftPackageProductDependency;
			package = 02A84DCE2A644551001D1C17 /* XCRemoteSwiftPackageReference "firebase-ios-sdk" */;
			productName = "FirebaseAuthCombine-Community";
		};
		02A84DD52A644551001D1C17 /* FirebaseDatabase */ = {
			isa = XCSwiftPackageProductDependency;
			package = 02A84DCE2A644551001D1C17 /* XCRemoteSwiftPackageReference "firebase-ios-sdk" */;
			productName = FirebaseDatabase;
		};
		02A84DD72A644551001D1C17 /* FirebaseDatabaseSwift */ = {
			isa = XCSwiftPackageProductDependency;
			package = 02A84DCE2A644551001D1C17 /* XCRemoteSwiftPackageReference "firebase-ios-sdk" */;
			productName = FirebaseDatabaseSwift;
		};
		02A84DD92A644551001D1C17 /* FirebaseFirestore */ = {
			isa = XCSwiftPackageProductDependency;
			package = 02A84DCE2A644551001D1C17 /* XCRemoteSwiftPackageReference "firebase-ios-sdk" */;
			productName = FirebaseFirestore;
		};
		02A84DDB2A644551001D1C17 /* FirebaseFirestoreCombine-Community */ = {
			isa = XCSwiftPackageProductDependency;
			package = 02A84DCE2A644551001D1C17 /* XCRemoteSwiftPackageReference "firebase-ios-sdk" */;
			productName = "FirebaseFirestoreCombine-Community";
		};
		02A84DDD2A644551001D1C17 /* FirebaseFirestoreSwift */ = {
			isa = XCSwiftPackageProductDependency;
			package = 02A84DCE2A644551001D1C17 /* XCRemoteSwiftPackageReference "firebase-ios-sdk" */;
			productName = FirebaseFirestoreSwift;
		};
		02A84DDF2A644551001D1C17 /* FirebaseStorage */ = {
			isa = XCSwiftPackageProductDependency;
			package = 02A84DCE2A644551001D1C17 /* XCRemoteSwiftPackageReference "firebase-ios-sdk" */;
			productName = FirebaseStorage;
		};
		02A84DE12A644551001D1C17 /* FirebaseStorageCombine-Community */ = {
			isa = XCSwiftPackageProductDependency;
			package = 02A84DCE2A644551001D1C17 /* XCRemoteSwiftPackageReference "firebase-ios-sdk" */;
			productName = "FirebaseStorageCombine-Community";
		};
/* End XCSwiftPackageProductDependency section */
	};
	rootObject = 023F29712A631D7100986DB4 /* Project object */;
}
